// !$*UTF8*$!
{
	archiveVersion = 1;
	classes = {
	};
	objectVersion = 50;
	objects = {

/* Begin PBXBuildFile section */
		D9B6EAB826B06C0900F2BA23 /* Tic_Tac_ToeApp.swift in Sources */ = {isa = PBXBuildFile; fileRef = D9B6EAB726B06C0900F2BA23 /* Tic_Tac_ToeApp.swift */; };
		D9B6EABA26B06C0900F2BA23 /* ContentView.swift in Sources */ = {isa = PBXBuildFile; fileRef = D9B6EAB926B06C0900F2BA23 /* ContentView.swift */; };
		D9B6EABC26B06C0B00F2BA23 /* Assets.xcassets in Resources */ = {isa = PBXBuildFile; fileRef = D9B6EABB26B06C0B00F2BA23 /* Assets.xcassets */; };
		D9B6EABF26B06C0B00F2BA23 /* Preview Assets.xcassets in Resources */ = {isa = PBXBuildFile; fileRef = D9B6EABE26B06C0B00F2BA23 /* Preview Assets.xcassets */; };
		D9B6EACA26B06C0C00F2BA23 /* Tic_Tac_ToeTests.swift in Sources */ = {isa = PBXBuildFile; fileRef = D9B6EAC926B06C0C00F2BA23 /* Tic_Tac_ToeTests.swift */; };
		D9B6EAD526B06C0C00F2BA23 /* Tic_Tac_ToeUITests.swift in Sources */ = {isa = PBXBuildFile; fileRef = D9B6EAD426B06C0C00F2BA23 /* Tic_Tac_ToeUITests.swift */; };
/* End PBXBuildFile section */

/* Begin PBXContainerItemProxy section */
		D9B6EAC626B06C0C00F2BA23 /* PBXContainerItemProxy */ = {
			isa = PBXContainerItemProxy;
			containerPortal = D9B6EAAC26B06C0900F2BA23 /* Project object */;
			proxyType = 1;
			remoteGlobalIDString = D9B6EAB326B06C0900F2BA23;
			remoteInfo = "Tic Tac Toe";
		};
		D9B6EAD126B06C0C00F2BA23 /* PBXContainerItemProxy */ = {
			isa = PBXContainerItemProxy;
			containerPortal = D9B6EAAC26B06C0900F2BA23 /* Project object */;
			proxyType = 1;
			remoteGlobalIDString = D9B6EAB326B06C0900F2BA23;
			remoteInfo = "Tic Tac Toe";
		};
/* End PBXContainerItemProxy section */

/* Begin PBXFileReference section */
		D9B6EAB426B06C0900F2BA23 /* Tic Tac Toe.app */ = {isa = PBXFileReference; explicitFileType = wrapper.application; includeInIndex = 0; path = "Tic Tac Toe.app"; sourceTree = BUILT_PRODUCTS_DIR; };
		D9B6EAB726B06C0900F2BA23 /* Tic_Tac_ToeApp.swift */ = {isa = PBXFileReference; lastKnownFileType = sourcecode.swift; path = Tic_Tac_ToeApp.swift; sourceTree = "<group>"; };
		D9B6EAB926B06C0900F2BA23 /* ContentView.swift */ = {isa = PBXFileReference; lastKnownFileType = sourcecode.swift; path = ContentView.swift; sourceTree = "<group>"; };
		D9B6EABB26B06C0B00F2BA23 /* Assets.xcassets */ = {isa = PBXFileReference; lastKnownFileType = folder.assetcatalog; path = Assets.xcassets; sourceTree = "<group>"; };
		D9B6EABE26B06C0B00F2BA23 /* Preview Assets.xcassets */ = {isa = PBXFileReference; lastKnownFileType = folder.assetcatalog; path = "Preview Assets.xcassets"; sourceTree = "<group>"; };
		D9B6EAC026B06C0B00F2BA23 /* Info.plist */ = {isa = PBXFileReference; lastKnownFileType = text.plist.xml; path = Info.plist; sourceTree = "<group>"; };
		D9B6EAC526B06C0C00F2BA23 /* Tic Tac ToeTests.xctest */ = {isa = PBXFileReference; explicitFileType = wrapper.cfbundle; includeInIndex = 0; path = "Tic Tac ToeTests.xctest"; sourceTree = BUILT_PRODUCTS_DIR; };
		D9B6EAC926B06C0C00F2BA23 /* Tic_Tac_ToeTests.swift */ = {isa = PBXFileReference; lastKnownFileType = sourcecode.swift; path = Tic_Tac_ToeTests.swift; sourceTree = "<group>"; };
		D9B6EACB26B06C0C00F2BA23 /* Info.plist */ = {isa = PBXFileReference; lastKnownFileType = text.plist.xml; path = Info.plist; sourceTree = "<group>"; };
		D9B6EAD026B06C0C00F2BA23 /* Tic Tac ToeUITests.xctest */ = {isa = PBXFileReference; explicitFileType = wrapper.cfbundle; includeInIndex = 0; path = "Tic Tac ToeUITests.xctest"; sourceTree = BUILT_PRODUCTS_DIR; };
		D9B6EAD426B06C0C00F2BA23 /* Tic_Tac_ToeUITests.swift */ = {isa = PBXFileReference; lastKnownFileType = sourcecode.swift; path = Tic_Tac_ToeUITests.swift; sourceTree = "<group>"; };
		D9B6EAD626B06C0C00F2BA23 /* Info.plist */ = {isa = PBXFileReference; lastKnownFileType = text.plist.xml; path = Info.plist; sourceTree = "<group>"; };
/* End PBXFileReference section */

/* Begin PBXFrameworksBuildPhase section */
		D9B6EAB126B06C0900F2BA23 /* Frameworks */ = {
			isa = PBXFrameworksBuildPhase;
			buildActionMask = 2147483647;
			files = (
			);
			runOnlyForDeploymentPostprocessing = 0;
		};
		D9B6EAC226B06C0C00F2BA23 /* Frameworks */ = {
			isa = PBXFrameworksBuildPhase;
			buildActionMask = 2147483647;
			files = (
			);
			runOnlyForDeploymentPostprocessing = 0;
		};
		D9B6EACD26B06C0C00F2BA23 /* Frameworks */ = {
			isa = PBXFrameworksBuildPhase;
			buildActionMask = 2147483647;
			files = (
			);
			runOnlyForDeploymentPostprocessing = 0;
		};
/* End PBXFrameworksBuildPhase section */

/* Begin PBXGroup section */
		D9B6EAAB26B06C0900F2BA23 = {
			isa = PBXGroup;
			children = (
				D9B6EAB626B06C0900F2BA23 /* Tic Tac Toe */,
				D9B6EAC826B06C0C00F2BA23 /* Tic Tac ToeTests */,
				D9B6EAD326B06C0C00F2BA23 /* Tic Tac ToeUITests */,
				D9B6EAB526B06C0900F2BA23 /* Products */,
			);
			sourceTree = "<group>";
		};
		D9B6EAB526B06C0900F2BA23 /* Products */ = {
			isa = PBXGroup;
			children = (
				D9B6EAB426B06C0900F2BA23 /* Tic Tac Toe.app */,
				D9B6EAC526B06C0C00F2BA23 /* Tic Tac ToeTests.xctest */,
				D9B6EAD026B06C0C00F2BA23 /* Tic Tac ToeUITests.xctest */,
			);
			name = Products;
			sourceTree = "<group>";
		};
		D9B6EAB626B06C0900F2BA23 /* Tic Tac Toe */ = {
			isa = PBXGroup;
			children = (
				D9B6EAB726B06C0900F2BA23 /* Tic_Tac_ToeApp.swift */,
				D9B6EAB926B06C0900F2BA23 /* ContentView.swift */,
				D9B6EABB26B06C0B00F2BA23 /* Assets.xcassets */,
				D9B6EAC026B06C0B00F2BA23 /* Info.plist */,
				D9B6EABD26B06C0B00F2BA23 /* Preview Content */,
			);
			path = "Tic Tac Toe";
			sourceTree = "<group>";
		};
		D9B6EABD26B06C0B00F2BA23 /* Preview Content */ = {
			isa = PBXGroup;
			children = (
				D9B6EABE26B06C0B00F2BA23 /* Preview Assets.xcassets */,
			);
			path = "Preview Content";
			sourceTree = "<group>";
		};
		D9B6EAC826B06C0C00F2BA23 /* Tic Tac ToeTests */ = {
			isa = PBXGroup;
			children = (
				D9B6EAC926B06C0C00F2BA23 /* Tic_Tac_ToeTests.swift */,
				D9B6EACB26B06C0C00F2BA23 /* Info.plist */,
			);
			path = "Tic Tac ToeTests";
			sourceTree = "<group>";
		};
		D9B6EAD326B06C0C00F2BA23 /* Tic Tac ToeUITests */ = {
			isa = PBXGroup;
			children = (
				D9B6EAD426B06C0C00F2BA23 /* Tic_Tac_ToeUITests.swift */,
				D9B6EAD626B06C0C00F2BA23 /* Info.plist */,
			);
			path = "Tic Tac ToeUITests";
			sourceTree = "<group>";
		};
/* End PBXGroup section */

/* Begin PBXNativeTarget section */
		D9B6EAB326B06C0900F2BA23 /* Tic Tac Toe */ = {
			isa = PBXNativeTarget;
			buildConfigurationList = D9B6EAD926B06C0C00F2BA23 /* Build configuration list for PBXNativeTarget "Tic Tac Toe" */;
			buildPhases = (
				D9B6EAB026B06C0900F2BA23 /* Sources */,
				D9B6EAB126B06C0900F2BA23 /* Frameworks */,
				D9B6EAB226B06C0900F2BA23 /* Resources */,
			);
			buildRules = (
			);
			dependencies = (
			);
			name = "Tic Tac Toe";
			productName = "Tic Tac Toe";
			productReference = D9B6EAB426B06C0900F2BA23 /* Tic Tac Toe.app */;
			productType = "com.apple.product-type.application";
		};
		D9B6EAC426B06C0C00F2BA23 /* Tic Tac ToeTests */ = {
			isa = PBXNativeTarget;
			buildConfigurationList = D9B6EADC26B06C0C00F2BA23 /* Build configuration list for PBXNativeTarget "Tic Tac ToeTests" */;
			buildPhases = (
				D9B6EAC126B06C0C00F2BA23 /* Sources */,
				D9B6EAC226B06C0C00F2BA23 /* Frameworks */,
				D9B6EAC326B06C0C00F2BA23 /* Resources */,
			);
			buildRules = (
			);
			dependencies = (
				D9B6EAC726B06C0C00F2BA23 /* PBXTargetDependency */,
			);
			name = "Tic Tac ToeTests";
			productName = "Tic Tac ToeTests";
			productReference = D9B6EAC526B06C0C00F2BA23 /* Tic Tac ToeTests.xctest */;
			productType = "com.apple.product-type.bundle.unit-test";
		};
		D9B6EACF26B06C0C00F2BA23 /* Tic Tac ToeUITests */ = {
			isa = PBXNativeTarget;
			buildConfigurationList = D9B6EADF26B06C0C00F2BA23 /* Build configuration list for PBXNativeTarget "Tic Tac ToeUITests" */;
			buildPhases = (
				D9B6EACC26B06C0C00F2BA23 /* Sources */,
				D9B6EACD26B06C0C00F2BA23 /* Frameworks */,
				D9B6EACE26B06C0C00F2BA23 /* Resources */,
			);
			buildRules = (
			);
			dependencies = (
				D9B6EAD226B06C0C00F2BA23 /* PBXTargetDependency */,
			);
			name = "Tic Tac ToeUITests";
			productName = "Tic Tac ToeUITests";
			productReference = D9B6EAD026B06C0C00F2BA23 /* Tic Tac ToeUITests.xctest */;
			productType = "com.apple.product-type.bundle.ui-testing";
		};
/* End PBXNativeTarget section */

/* Begin PBXProject section */
		D9B6EAAC26B06C0900F2BA23 /* Project object */ = {
			isa = PBXProject;
			attributes = {
				LastSwiftUpdateCheck = 1250;
				LastUpgradeCheck = 1250;
				TargetAttributes = {
					D9B6EAB326B06C0900F2BA23 = {
						CreatedOnToolsVersion = 12.5.1;
					};
					D9B6EAC426B06C0C00F2BA23 = {
						CreatedOnToolsVersion = 12.5.1;
						TestTargetID = D9B6EAB326B06C0900F2BA23;
					};
					D9B6EACF26B06C0C00F2BA23 = {
						CreatedOnToolsVersion = 12.5.1;
						TestTargetID = D9B6EAB326B06C0900F2BA23;
					};
				};
			};
			buildConfigurationList = D9B6EAAF26B06C0900F2BA23 /* Build configuration list for PBXProject "Tic Tac Toe" */;
			compatibilityVersion = "Xcode 9.3";
			developmentRegion = en;
			hasScannedForEncodings = 0;
			knownRegions = (
				en,
				Base,
			);
			mainGroup = D9B6EAAB26B06C0900F2BA23;
			productRefGroup = D9B6EAB526B06C0900F2BA23 /* Products */;
			projectDirPath = "";
			projectRoot = "";
			targets = (
				D9B6EAB326B06C0900F2BA23 /* Tic Tac Toe */,
				D9B6EAC426B06C0C00F2BA23 /* Tic Tac ToeTests */,
				D9B6EACF26B06C0C00F2BA23 /* Tic Tac ToeUITests */,
			);
		};
/* End PBXProject section */

/* Begin PBXResourcesBuildPhase section */
		D9B6EAB226B06C0900F2BA23 /* Resources */ = {
			isa = PBXResourcesBuildPhase;
			buildActionMask = 2147483647;
			files = (
				D9B6EABF26B06C0B00F2BA23 /* Preview Assets.xcassets in Resources */,
				D9B6EABC26B06C0B00F2BA23 /* Assets.xcassets in Resources */,
			);
			runOnlyForDeploymentPostprocessing = 0;
		};
		D9B6EAC326B06C0C00F2BA23 /* Resources */ = {
			isa = PBXResourcesBuildPhase;
			buildActionMask = 2147483647;
			files = (
			);
			runOnlyForDeploymentPostprocessing = 0;
		};
		D9B6EACE26B06C0C00F2BA23 /* Resources */ = {
			isa = PBXResourcesBuildPhase;
			buildActionMask = 2147483647;
			files = (
			);
			runOnlyForDeploymentPostprocessing = 0;
		};
/* End PBXResourcesBuildPhase section */

/* Begin PBXSourcesBuildPhase section */
		D9B6EAB026B06C0900F2BA23 /* Sources */ = {
			isa = PBXSourcesBuildPhase;
			buildActionMask = 2147483647;
			files = (
				D9B6EABA26B06C0900F2BA23 /* ContentView.swift in Sources */,
				D9B6EAB826B06C0900F2BA23 /* Tic_Tac_ToeApp.swift in Sources */,
			);
			runOnlyForDeploymentPostprocessing = 0;
		};
		D9B6EAC126B06C0C00F2BA23 /* Sources */ = {
			isa = PBXSourcesBuildPhase;
			buildActionMask = 2147483647;
			files = (
				D9B6EACA26B06C0C00F2BA23 /* Tic_Tac_ToeTests.swift in Sources */,
			);
			runOnlyForDeploymentPostprocessing = 0;
		};
		D9B6EACC26B06C0C00F2BA23 /* Sources */ = {
			isa = PBXSourcesBuildPhase;
			buildActionMask = 2147483647;
			files = (
				D9B6EAD526B06C0C00F2BA23 /* Tic_Tac_ToeUITests.swift in Sources */,
			);
			runOnlyForDeploymentPostprocessing = 0;
		};
/* End PBXSourcesBuildPhase section */

/* Begin PBXTargetDependency section */
		D9B6EAC726B06C0C00F2BA23 /* PBXTargetDependency */ = {
			isa = PBXTargetDependency;
			target = D9B6EAB326B06C0900F2BA23 /* Tic Tac Toe */;
			targetProxy = D9B6EAC626B06C0C00F2BA23 /* PBXContainerItemProxy */;
		};
		D9B6EAD226B06C0C00F2BA23 /* PBXTargetDependency */ = {
			isa = PBXTargetDependency;
			target = D9B6EAB326B06C0900F2BA23 /* Tic Tac Toe */;
			targetProxy = D9B6EAD126B06C0C00F2BA23 /* PBXContainerItemProxy */;
		};
/* End PBXTargetDependency section */

/* Begin XCBuildConfiguration section */
		D9B6EAD726B06C0C00F2BA23 /* Debug */ = {
			isa = XCBuildConfiguration;
			buildSettings = {
				ALWAYS_SEARCH_USER_PATHS = NO;
				CLANG_ANALYZER_NONNULL = YES;
				CLANG_ANALYZER_NUMBER_OBJECT_CONVERSION = YES_AGGRESSIVE;
				CLANG_CXX_LANGUAGE_STANDARD = "gnu++14";
				CLANG_CXX_LIBRARY = "libc++";
				CLANG_ENABLE_MODULES = YES;
				CLANG_ENABLE_OBJC_ARC = YES;
				CLANG_ENABLE_OBJC_WEAK = YES;
				CLANG_WARN_BLOCK_CAPTURE_AUTORELEASING = YES;
				CLANG_WARN_BOOL_CONVERSION = YES;
				CLANG_WARN_COMMA = YES;
				CLANG_WARN_CONSTANT_CONVERSION = YES;
				CLANG_WARN_DEPRECATED_OBJC_IMPLEMENTATIONS = YES;
				CLANG_WARN_DIRECT_OBJC_ISA_USAGE = YES_ERROR;
				CLANG_WARN_DOCUMENTATION_COMMENTS = YES;
				CLANG_WARN_EMPTY_BODY = YES;
				CLANG_WARN_ENUM_CONVERSION = YES;
				CLANG_WARN_INFINITE_RECURSION = YES;
				CLANG_WARN_INT_CONVERSION = YES;
				CLANG_WARN_NON_LITERAL_NULL_CONVERSION = YES;
				CLANG_WARN_OBJC_IMPLICIT_RETAIN_SELF = YES;
				CLANG_WARN_OBJC_LITERAL_CONVERSION = YES;
				CLANG_WARN_OBJC_ROOT_CLASS = YES_ERROR;
				CLANG_WARN_QUOTED_INCLUDE_IN_FRAMEWORK_HEADER = YES;
				CLANG_WARN_RANGE_LOOP_ANALYSIS = YES;
				CLANG_WARN_STRICT_PROTOTYPES = YES;
				CLANG_WARN_SUSPICIOUS_MOVE = YES;
				CLANG_WARN_UNGUARDED_AVAILABILITY = YES_AGGRESSIVE;
				CLANG_WARN_UNREACHABLE_CODE = YES;
				CLANG_WARN__DUPLICATE_METHOD_MATCH = YES;
				COPY_PHASE_STRIP = NO;
				DEBUG_INFORMATION_FORMAT = dwarf;
				ENABLE_STRICT_OBJC_MSGSEND = YES;
				ENABLE_TESTABILITY = YES;
				GCC_C_LANGUAGE_STANDARD = gnu11;
				GCC_DYNAMIC_NO_PIC = NO;
				GCC_NO_COMMON_BLOCKS = YES;
				GCC_OPTIMIZATION_LEVEL = 0;
				GCC_PREPROCESSOR_DEFINITIONS = (
					"DEBUG=1",
					"$(inherited)",
				);
				GCC_WARN_64_TO_32_BIT_CONVERSION = YES;
				GCC_WARN_ABOUT_RETURN_TYPE = YES_ERROR;
				GCC_WARN_UNDECLARED_SELECTOR = YES;
				GCC_WARN_UNINITIALIZED_AUTOS = YES_AGGRESSIVE;
				GCC_WARN_UNUSED_FUNCTION = YES;
				GCC_WARN_UNUSED_VARIABLE = YES;
				IPHONEOS_DEPLOYMENT_TARGET = 14.5;
				MTL_ENABLE_DEBUG_INFO = INCLUDE_SOURCE;
				MTL_FAST_MATH = YES;
				ONLY_ACTIVE_ARCH = YES;
				SDKROOT = iphoneos;
				SWIFT_ACTIVE_COMPILATION_CONDITIONS = DEBUG;
				SWIFT_OPTIMIZATION_LEVEL = "-Onone";
			};
			name = Debug;
		};
		D9B6EAD826B06C0C00F2BA23 /* Release */ = {
			isa = XCBuildConfiguration;
			buildSettings = {
				ALWAYS_SEARCH_USER_PATHS = NO;
				CLANG_ANALYZER_NONNULL = YES;
				CLANG_ANALYZER_NUMBER_OBJECT_CONVERSION = YES_AGGRESSIVE;
				CLANG_CXX_LANGUAGE_STANDARD = "gnu++14";
				CLANG_CXX_LIBRARY = "libc++";
				CLANG_ENABLE_MODULES = YES;
				CLANG_ENABLE_OBJC_ARC = YES;
				CLANG_ENABLE_OBJC_WEAK = YES;
				CLANG_WARN_BLOCK_CAPTURE_AUTORELEASING = YES;
				CLANG_WARN_BOOL_CONVERSION = YES;
				CLANG_WARN_COMMA = YES;
				CLANG_WARN_CONSTANT_CONVERSION = YES;
				CLANG_WARN_DEPRECATED_OBJC_IMPLEMENTATIONS = YES;
				CLANG_WARN_DIRECT_OBJC_ISA_USAGE = YES_ERROR;
				CLANG_WARN_DOCUMENTATION_COMMENTS = YES;
				CLANG_WARN_EMPTY_BODY = YES;
				CLANG_WARN_ENUM_CONVERSION = YES;
				CLANG_WARN_INFINITE_RECURSION = YES;
				CLANG_WARN_INT_CONVERSION = YES;
				CLANG_WARN_NON_LITERAL_NULL_CONVERSION = YES;
				CLANG_WARN_OBJC_IMPLICIT_RETAIN_SELF = YES;
				CLANG_WARN_OBJC_LITERAL_CONVERSION = YES;
				CLANG_WARN_OBJC_ROOT_CLASS = YES_ERROR;
				CLANG_WARN_QUOTED_INCLUDE_IN_FRAMEWORK_HEADER = YES;
				CLANG_WARN_RANGE_LOOP_ANALYSIS = YES;
				CLANG_WARN_STRICT_PROTOTYPES = YES;
				CLANG_WARN_SUSPICIOUS_MOVE = YES;
				CLANG_WARN_UNGUARDED_AVAILABILITY = YES_AGGRESSIVE;
				CLANG_WARN_UNREACHABLE_CODE = YES;
				CLANG_WARN__DUPLICATE_METHOD_MATCH = YES;
				COPY_PHASE_STRIP = NO;
				DEBUG_INFORMATION_FORMAT = "dwarf-with-dsym";
				ENABLE_NS_ASSERTIONS = NO;
				ENABLE_STRICT_OBJC_MSGSEND = YES;
				GCC_C_LANGUAGE_STANDARD = gnu11;
				GCC_NO_COMMON_BLOCKS = YES;
				GCC_WARN_64_TO_32_BIT_CONVERSION = YES;
				GCC_WARN_ABOUT_RETURN_TYPE = YES_ERROR;
				GCC_WARN_UNDECLARED_SELECTOR = YES;
				GCC_WARN_UNINITIALIZED_AUTOS = YES_AGGRESSIVE;
				GCC_WARN_UNUSED_FUNCTION = YES;
				GCC_WARN_UNUSED_VARIABLE = YES;
				IPHONEOS_DEPLOYMENT_TARGET = 14.5;
				MTL_ENABLE_DEBUG_INFO = NO;
				MTL_FAST_MATH = YES;
				SDKROOT = iphoneos;
				SWIFT_COMPILATION_MODE = wholemodule;
				SWIFT_OPTIMIZATION_LEVEL = "-O";
				VALIDATE_PRODUCT = YES;
			};
			name = Release;
		};
		D9B6EADA26B06C0C00F2BA23 /* Debug */ = {
			isa = XCBuildConfiguration;
			buildSettings = {
				ASSETCATALOG_COMPILER_APPICON_NAME = AppIcon;
				ASSETCATALOG_COMPILER_GLOBAL_ACCENT_COLOR_NAME = AccentColor;
				CODE_SIGN_STYLE = Automatic;
				DEVELOPMENT_ASSET_PATHS = "\"Tic Tac Toe/Preview Content\"";
				ENABLE_PREVIEWS = YES;
				INFOPLIST_FILE = "Tic Tac Toe/Info.plist";
				IPHONEOS_DEPLOYMENT_TARGET = 14.0;
				LD_RUNPATH_SEARCH_PATHS = (
					"$(inherited)",
					"@executable_path/Frameworks",
				);
				PRODUCT_BUNDLE_IDENTIFIER = "Ryan-Ahn.Tic-Tac-Toe";
				PRODUCT_NAME = "$(TARGET_NAME)";
				SWIFT_VERSION = 5.0;
				TARGETED_DEVICE_FAMILY = "1,2";
			};
			name = Debug;
		};
		D9B6EADB26B06C0C00F2BA23 /* Release */ = {
			isa = XCBuildConfiguration;
			buildSettings = {
				ASSETCATALOG_COMPILER_APPICON_NAME = AppIcon;
				ASSETCATALOG_COMPILER_GLOBAL_ACCENT_COLOR_NAME = AccentColor;
				CODE_SIGN_STYLE = Automatic;
				DEVELOPMENT_ASSET_PATHS = "\"Tic Tac Toe/Preview Content\"";
				ENABLE_PREVIEWS = YES;
				INFOPLIST_FILE = "Tic Tac Toe/Info.plist";
				IPHONEOS_DEPLOYMENT_TARGET = 14.0;
				LD_RUNPATH_SEARCH_PATHS = (
					"$(inherited)",
					"@executable_path/Frameworks",
				);
				PRODUCT_BUNDLE_IDENTIFIER = "Ryan-Ahn.Tic-Tac-Toe";
				PRODUCT_NAME = "$(TARGET_NAME)";
				SWIFT_VERSION = 5.0;
				TARGETED_DEVICE_FAMILY = "1,2";
			};
			name = Release;
		};
		D9B6EADD26B06C0C00F2BA23 /* Debug */ = {
			isa = XCBuildConfiguration;
			buildSettings = {
				ALWAYS_EMBED_SWIFT_STANDARD_LIBRARIES = YES;
				BUNDLE_LOADER = "$(TEST_HOST)";
				CODE_SIGN_STYLE = Automatic;
				INFOPLIST_FILE = "Tic Tac ToeTests/Info.plist";
				IPHONEOS_DEPLOYMENT_TARGET = 14.0;
				LD_RUNPATH_SEARCH_PATHS = (
					"$(inherited)",
					"@executable_path/Frameworks",
					"@loader_path/Frameworks",
				);
				PRODUCT_BUNDLE_IDENTIFIER = "Ryan-Ahn.Tic-Tac-ToeTests";
				PRODUCT_NAME = "$(TARGET_NAME)";
				SWIFT_VERSION = 5.0;
				TARGETED_DEVICE_FAMILY = "1,2";
				TEST_HOST = "$(BUILT_PRODUCTS_DIR)/Tic Tac Toe.app/Tic Tac Toe";
			};
			name = Debug;
		};
		D9B6EADE26B06C0C00F2BA23 /* Release */ = {
			isa = XCBuildConfiguration;
			buildSettings = {
				ALWAYS_EMBED_SWIFT_STANDARD_LIBRARIES = YES;
				BUNDLE_LOADER = "$(TEST_HOST)";
				CODE_SIGN_STYLE = Automatic;
				INFOPLIST_FILE = "Tic Tac ToeTests/Info.plist";
				IPHONEOS_DEPLOYMENT_TARGET = 14.0;
				LD_RUNPATH_SEARCH_PATHS = (
					"$(inherited)",
					"@executable_path/Frameworks",
					"@loader_path/Frameworks",
				);
				PRODUCT_BUNDLE_IDENTIFIER = "Ryan-Ahn.Tic-Tac-ToeTests";
				PRODUCT_NAME = "$(TARGET_NAME)";
				SWIFT_VERSION = 5.0;
				TARGETED_DEVICE_FAMILY = "1,2";
				TEST_HOST = "$(BUILT_PRODUCTS_DIR)/Tic Tac Toe.app/Tic Tac Toe";
			};
			name = Release;
		};
		D9B6EAE026B06C0C00F2BA23 /* Debug */ = {
			isa = XCBuildConfiguration;
			buildSettings = {
				ALWAYS_EMBED_SWIFT_STANDARD_LIBRARIES = YES;
				CODE_SIGN_STYLE = Automatic;
				INFOPLIST_FILE = "Tic Tac ToeUITests/Info.plist";
				LD_RUNPATH_SEARCH_PATHS = (
					"$(inherited)",
					"@executable_path/Frameworks",
					"@loader_path/Frameworks",
				);
				PRODUCT_BUNDLE_IDENTIFIER = "Ryan-Ahn.Tic-Tac-ToeUITests";
				PRODUCT_NAME = "$(TARGET_NAME)";
				SWIFT_VERSION = 5.0;
				TARGETED_DEVICE_FAMILY = "1,2";
				TEST_TARGET_NAME = "Tic Tac Toe";
			};
			name = Debug;
		};
		D9B6EAE126B06C0C00F2BA23 /* Release */ = {
			isa = XCBuildConfiguration;
			buildSettings = {
				ALWAYS_EMBED_SWIFT_STANDARD_LIBRARIES = YES;
				CODE_SIGN_STYLE = Automatic;
				INFOPLIST_FILE = "Tic Tac ToeUITests/Info.plist";
				LD_RUNPATH_SEARCH_PATHS = (
					"$(inherited)",
					"@executable_path/Frameworks",
					"@loader_path/Frameworks",
				);
				PRODUCT_BUNDLE_IDENTIFIER = "Ryan-Ahn.Tic-Tac-ToeUITests";
				PRODUCT_NAME = "$(TARGET_NAME)";
				SWIFT_VERSION = 5.0;
				TARGETED_DEVICE_FAMILY = "1,2";
				TEST_TARGET_NAME = "Tic Tac Toe";
			};
			name = Release;
		};
/* End XCBuildConfiguration section */

/* Begin XCConfigurationList section */
		D9B6EAAF26B06C0900F2BA23 /* Build configuration list for PBXProject "Tic Tac Toe" */ = {
			isa = XCConfigurationList;
			buildConfigurations = (
				D9B6EAD726B06C0C00F2BA23 /* Debug */,
				D9B6EAD826B06C0C00F2BA23 /* Release */,
			);
			defaultConfigurationIsVisible = 0;
			defaultConfigurationName = Release;
		};
		D9B6EAD926B06C0C00F2BA23 /* Build configuration list for PBXNativeTarget "Tic Tac Toe" */ = {
			isa = XCConfigurationList;
			buildConfigurations = (
				D9B6EADA26B06C0C00F2BA23 /* Debug */,
				D9B6EADB26B06C0C00F2BA23 /* Release */,
			);
			defaultConfigurationIsVisible = 0;
			defaultConfigurationName = Release;
		};
		D9B6EADC26B06C0C00F2BA23 /* Build configuration list for PBXNativeTarget "Tic Tac ToeTests" */ = {
			isa = XCConfigurationList;
			buildConfigurations = (
				D9B6EADD26B06C0C00F2BA23 /* Debug */,
				D9B6EADE26B06C0C00F2BA23 /* Release */,
			);
			defaultConfigurationIsVisible = 0;
			defaultConfigurationName = Release;
		};
		D9B6EADF26B06C0C00F2BA23 /* Build configuration list for PBXNativeTarget "Tic Tac ToeUITests" */ = {
			isa = XCConfigurationList;
			buildConfigurations = (
				D9B6EAE026B06C0C00F2BA23 /* Debug */,
				D9B6EAE126B06C0C00F2BA23 /* Release */,
			);
			defaultConfigurationIsVisible = 0;
			defaultConfigurationName = Release;
		};
/* End XCConfigurationList section */
	};
	rootObject = D9B6EAAC26B06C0900F2BA23 /* Project object */;
}
